
Microsoft Visual Studio Solution File, Format Version 12.00
# Visual Studio 14
VisualStudioVersion = 14.0.25420.1
MinimumVisualStudioVersion = 10.0.40219.1
Project("{FAE04EC0-301F-11D3-BF4B-00C04F79EFBC}") = "waLatihanDay14", "waLatihanDay14\waLatihanDay14.csproj", "{9D46EE37-9B85-46E5-B244-A95E48206E14}"
EndProject
Global
	GlobalSection(SolutionConfigurationPlatforms) = preSolution
		Debug|Any CPU = Debug|Any CPU
		Release|Any CPU = Release|Any CPU
	EndGlobalSection
	GlobalSection(ProjectConfigurationPlatforms) = postSolution
		{9D46EE37-9B85-46E5-B244-A95E48206E14}.Debug|Any CPU.ActiveCfg = Debug|Any CPU
		{9D46EE37-9B85-46E5-B244-A95E48206E14}.Debug|Any CPU.Build.0 = Debug|Any CPU
		{9D46EE37-9B85-46E5-B244-A95E48206E14}.Release|Any CPU.ActiveCfg = Release|Any CPU
		{9D46EE37-9B85-46E5-B244-A95E48206E14}.Release|Any CPU.Build.0 = Release|Any CPU
	EndGlobalSection
	GlobalSection(SolutionProperties) = preSolution
		HideSolutionNode = FALSE
	EndGlobalSection
EndGlobal
